
Microsoft Visual Studio Solution File, Format Version 12.00
# Visual Studio 15
VisualStudioVersion = 15.0.27130.2010
MinimumVisualStudioVersion = 10.0.40219.1
Project("{FAE04EC0-301F-11D3-BF4B-00C04F79EFBC}") = "GlobalSoft", "GlobalSoft\GlobalSoft.csproj", "{C5597955-F549-408F-A022-A16ABAC7FCCA}"
EndProject
Global
	GlobalSection(SolutionConfigurationPlatforms) = preSolution
		Debug|Any CPU = Debug|Any CPU
		Release|Any CPU = Release|Any CPU
	EndGlobalSection
	GlobalSection(ProjectConfigurationPlatforms) = postSolution
		{C5597955-F549-408F-A022-A16ABAC7FCCA}.Debug|Any CPU.ActiveCfg = Debug|Any CPU
		{C5597955-F549-408F-A022-A16ABAC7FCCA}.Debug|Any CPU.Build.0 = Debug|Any CPU
		{C5597955-F549-408F-A022-A16ABAC7FCCA}.Release|Any CPU.ActiveCfg = Release|Any CPU
		{C5597955-F549-408F-A022-A16ABAC7FCCA}.Release|Any CPU.Build.0 = Release|Any CPU
	EndGlobalSection
	GlobalSection(SolutionProperties) = preSolution
		HideSolutionNode = FALSE
	EndGlobalSection
	GlobalSection(ExtensibilityGlobals) = postSolution
		SolutionGuid = {1EF6F48B-E244-44D6-93EA-4E4BB303F827}
	EndGlobalSection
EndGlobal
